{
  "version": 4,
  "terraform_version": "1.8.0",
  "serial": 26,
  "lineage": "002a1f74-0c57-b6f1-8f7f-92ad3959c91a",
  "outputs": {},
  "resources": [
    {
      "mode": "managed",
      "type": "docker_container",
      "name": "keycloak",
      "provider": "provider[\"registry.terraform.io/kreuzwerker/docker\"]",
      "instances": [
        {
          "schema_version": 2,
          "attributes": {
            "attach": false,
            "bridge": "",
            "capabilities": [],
            "cgroupns_mode": null,
            "command": [],
            "container_logs": null,
            "container_read_refresh_timeout_milliseconds": 15000,
            "cpu_set": "",
            "cpu_shares": 0,
            "destroy_grace_seconds": null,
            "devices": [],
            "dns": null,
            "dns_opts": null,
            "dns_search": null,
            "domainname": "",
            "entrypoint": [
              "/opt/keycloak/bin/kc.sh"
            ],
            "env": [],
            "exit_code": null,
            "gpus": null,
            "group_add": null,
            "healthcheck": null,
            "host": [],
            "hostname": "872d6dce6ad0",
            "id": "872d6dce6ad0bc76a1f7d8b18994631f809f21ac4c5810b84a79e6e105c8a478",
            "image": "sha256:64714fd47e4b069a1fd1ad820021e758c5b9a387e7aef361950663634f552822",
            "init": false,
            "ipc_mode": "private",
            "labels": [],
            "log_driver": "json-file",
            "log_opts": null,
            "logs": false,
            "max_retry_count": 0,
            "memory": 0,
            "memory_swap": 0,
            "mounts": [],
            "must_run": true,
            "name": "xenodochial_grothendieck",
            "network_data": [
              {
                "gateway": "172.17.0.1",
                "global_ipv6_address": "",
                "global_ipv6_prefix_length": 0,
                "ip_address": "172.17.0.3",
                "ip_prefix_length": 16,
                "ipv6_gateway": "",
                "mac_address": "02:42:ac:11:00:03",
                "network_name": "bridge"
              }
            ],
            "network_mode": "bridge",
            "networks_advanced": [],
            "pid_mode": "",
            "ports": [
              {
                "external": 8081,
                "internal": 8080,
                "ip": "0.0.0.0",
                "protocol": "tcp"
              }
            ],
            "privileged": false,
            "publish_all_ports": false,
            "read_only": false,
            "remove_volumes": true,
            "restart": "no",
            "rm": false,
            "runtime": "runc",
            "security_opts": [],
            "shm_size": 64,
            "start": true,
            "stdin_open": false,
            "stop_signal": "",
            "stop_timeout": 0,
            "storage_opts": null,
            "sysctls": null,
            "tmpfs": null,
            "tty": false,
            "ulimit": [],
            "upload": [],
            "user": "1000",
            "userns_mode": "",
            "volumes": [],
            "wait": false,
            "wait_timeout": 60,
            "working_dir": ""
          },
          "sensitive_attributes": [],
          "private": "eyJzY2hlbWFfdmVyc2lvbiI6IjIifQ=="
        }
      ]
    },
    {
      "mode": "managed",
      "type": "docker_container",
      "name": "portainer",
      "provider": "provider[\"registry.terraform.io/kreuzwerker/docker\"]",
      "instances": [
        {
          "schema_version": 2,
          "attributes": {
            "attach": false,
            "bridge": "",
            "capabilities": [],
            "cgroupns_mode": null,
            "command": [],
            "container_logs": null,
            "container_read_refresh_timeout_milliseconds": 15000,
            "cpu_set": "",
            "cpu_shares": 0,
            "destroy_grace_seconds": null,
            "devices": [],
            "dns": null,
            "dns_opts": null,
            "dns_search": null,
            "domainname": "",
            "entrypoint": [
              "/portainer"
            ],
            "env": [],
            "exit_code": null,
            "gpus": null,
            "group_add": null,
            "healthcheck": null,
            "host": [],
            "hostname": "5093d90e3170",
            "id": "5093d90e31705ad53fa7877687f3bdaacbed6f9be42353f4cd9df90732217f8e",
            "image": "sha256:9c9caec4fc26e859a5145d383818fd7d1221759740a2da588db43b0915bd032b",
            "init": false,
            "ipc_mode": "private",
            "labels": [],
            "log_driver": "json-file",
            "log_opts": null,
            "logs": false,
            "max_retry_count": 0,
            "memory": 0,
            "memory_swap": 0,
            "mounts": [],
            "must_run": true,
            "name": "portainer",
            "network_data": [
              {
                "gateway": "172.17.0.1",
                "global_ipv6_address": "",
                "global_ipv6_prefix_length": 0,
                "ip_address": "172.17.0.2",
                "ip_prefix_length": 16,
                "ipv6_gateway": "",
                "mac_address": "02:42:ac:11:00:02",
                "network_name": "bridge"
              }
            ],
            "network_mode": "bridge",
            "networks_advanced": [],
            "pid_mode": "",
            "ports": [
              {
                "external": 9001,
                "internal": 9000,
                "ip": "0.0.0.0",
                "protocol": "tcp"
              }
            ],
            "privileged": false,
            "publish_all_ports": false,
            "read_only": false,
            "remove_volumes": true,
            "restart": "unless-stopped",
            "rm": false,
            "runtime": "runc",
            "security_opts": [],
            "shm_size": 64,
            "start": true,
            "stdin_open": false,
            "stop_signal": "",
            "stop_timeout": 0,
            "storage_opts": null,
            "sysctls": null,
            "tmpfs": null,
            "tty": false,
            "ulimit": [],
            "upload": [],
            "user": "",
            "userns_mode": "",
            "volumes": [],
            "wait": false,
            "wait_timeout": 60,
            "working_dir": "/"
          },
          "sensitive_attributes": [],
          "private": "eyJzY2hlbWFfdmVyc2lvbiI6IjIifQ=="
        }
      ]
    },
    {
      "mode": "managed",
      "type": "docker_container",
      "name": "postgres",
      "provider": "provider[\"registry.terraform.io/kreuzwerker/docker\"]",
      "instances": [
        {
          "schema_version": 2,
          "attributes": {
            "attach": false,
            "bridge": "",
            "capabilities": [],
            "cgroupns_mode": null,
            "command": [
              "postgres"
            ],
            "container_logs": null,
            "container_read_refresh_timeout_milliseconds": 15000,
            "cpu_set": "",
            "cpu_shares": 0,
            "destroy_grace_seconds": null,
            "devices": [],
            "dns": null,
            "dns_opts": null,
            "dns_search": null,
            "domainname": "",
            "entrypoint": [
              "docker-entrypoint.sh"
            ],
            "env": [],
            "exit_code": null,
            "gpus": null,
            "group_add": null,
            "healthcheck": null,
            "host": [],
            "hostname": "48c35ecceee5",
            "id": "48c35ecceee58fefe8203a0970677afadaf430208334a990dc73cb4afe3d9e12",
            "image": "sha256:fa540c113dc7c176dc2cbf5012f65b4de26b06198cc5cc9e4ed963b46c0c80bd",
            "init": false,
            "ipc_mode": "private",
            "labels": [],
            "log_driver": "json-file",
            "log_opts": null,
            "logs": false,
            "max_retry_count": 0,
            "memory": 0,
            "memory_swap": 0,
            "mounts": [],
            "must_run": true,
            "name": "sad_chebyshev",
            "network_data": [
              {
                "gateway": "172.17.0.1",
                "global_ipv6_address": "",
                "global_ipv6_prefix_length": 0,
                "ip_address": "172.17.0.4",
                "ip_prefix_length": 16,
                "ipv6_gateway": "",
                "mac_address": "02:42:ac:11:00:04",
                "network_name": "bridge"
              }
            ],
            "network_mode": "bridge",
            "networks_advanced": [],
            "pid_mode": "",
            "ports": [
              {
                "external": 5434,
                "internal": 5432,
                "ip": "0.0.0.0",
                "protocol": "tcp"
              }
            ],
            "privileged": false,
            "publish_all_ports": false,
            "read_only": false,
            "remove_volumes": true,
            "restart": "no",
            "rm": false,
            "runtime": "runc",
            "security_opts": [],
            "shm_size": 64,
            "start": true,
            "stdin_open": false,
            "stop_signal": "SIGINT",
            "stop_timeout": 0,
            "storage_opts": null,
            "sysctls": null,
            "tmpfs": null,
            "tty": false,
            "ulimit": [],
            "upload": [],
            "user": "",
            "userns_mode": "",
            "volumes": [],
            "wait": false,
            "wait_timeout": 60,
            "working_dir": ""
          },
          "sensitive_attributes": [],
          "private": "eyJzY2hlbWFfdmVyc2lvbiI6IjIifQ=="
        }
      ]
    },
    {
      "mode": "managed",
      "type": "docker_image",
      "name": "portainer",
      "provider": "provider[\"registry.terraform.io/kreuzwerker/docker\"]",
      "instances": [
        {
          "schema_version": 0,
          "attributes": {
            "build": [],
            "force_remove": null,
            "id": "sha256:9c9caec4fc26e859a5145d383818fd7d1221759740a2da588db43b0915bd032bportainer/portainer-ce:latest",
            "image_id": "sha256:9c9caec4fc26e859a5145d383818fd7d1221759740a2da588db43b0915bd032b",
            "keep_locally": null,
            "name": "portainer/portainer-ce:latest",
            "platform": null,
            "pull_triggers": null,
            "repo_digest": "portainer/portainer-ce@sha256:f2a7f5abd4735f9cd91563c6134e014b15168c4018beea87f1eec9d9618b2ad4",
            "triggers": null
          },
          "sensitive_attributes": [],
          "private": "bnVsbA=="
        }
      ]
    }
  ],
  "check_results": null
}
